
Microsoft Visual Studio Solution File, Format Version 12.00
# Visual Studio Version 17
VisualStudioVersion = 17.8.34511.84
MinimumVisualStudioVersion = 10.0.40219.1
Project("{2150E333-8FDC-42A3-9474-1A3956D46DE8}") = "src", "src", "{49292C71-20E3-4A5A-A805-740E05F241A9}"
EndProject
Project("{2150E333-8FDC-42A3-9474-1A3956D46DE8}") = "Solution Items", "Solution Items", "{89452CA6-E2A1-49C2-ABE9-10D8F696E4C6}"
	ProjectSection(SolutionItems) = preProject
		ServiceUrls.txt = ServiceUrls.txt
	EndProjectSection
EndProject
Project("{2150E333-8FDC-42A3-9474-1A3956D46DE8}") = "ApiGateways", "ApiGateways", "{12863154-004A-464C-AF0E-4A4E5611A7BF}"
EndProject
Project("{2150E333-8FDC-42A3-9474-1A3956D46DE8}") = "BuildingBlocks", "BuildingBlocks", "{AFC3ACDD-A1EB-45B6-8476-4C9D0F43B6F7}"
EndProject
Project("{2150E333-8FDC-42A3-9474-1A3956D46DE8}") = "Services", "Services", "{40C7BDEF-8C0C-4F44-BE22-7CCECB12D236}"
EndProject
Project("{2150E333-8FDC-42A3-9474-1A3956D46DE8}") = "Clients", "Clients", "{C7AA885C-067A-4328-866F-763653E28785}"
EndProject
Project("{2150E333-8FDC-42A3-9474-1A3956D46DE8}") = "WebApiGateway", "WebApiGateway", "{465C001D-1A0F-4D33-B4FC-92DED3A1E455}"
EndProject
Project("{9A19103F-16F7-4668-BE54-9A1E7A4F7556}") = "Web.ApiGateway", "src\ApiGateways\WebApiGateway\Web.ApiGateway\Web.ApiGateway.csproj", "{E1DD4F0A-31C6-4778-B2E3-868A768A5E65}"
EndProject
Project("{2150E333-8FDC-42A3-9474-1A3956D46DE8}") = "EventBus", "EventBus", "{6D50759B-144C-45F1-BDFD-437CB3D44745}"
EndProject
Project("{9A19103F-16F7-4668-BE54-9A1E7A4F7556}") = "EventBus.Base", "src\BuildingBlocks\EventBus\EventBus.Base\EventBus.Base.csproj", "{3932353F-3B65-470B-931C-AE46FEF8B192}"
EndProject
Project("{9A19103F-16F7-4668-BE54-9A1E7A4F7556}") = "EventBus.Factory", "src\BuildingBlocks\EventBus\EventBus.Factory\EventBus.Factory.csproj", "{12EDEBFD-68D0-4B29-B72A-9DC1522C5572}"
EndProject
Project("{9A19103F-16F7-4668-BE54-9A1E7A4F7556}") = "EventBus.AzureServiceBus", "src\BuildingBlocks\EventBus\EventBus.AzureServiceBus\EventBus.AzureServiceBus.csproj", "{7C23A669-2F27-4F9A-8A25-DF4FB6A06505}"
EndProject
Project("{9A19103F-16F7-4668-BE54-9A1E7A4F7556}") = "EventBus.RabbitMQ", "src\BuildingBlocks\EventBus\EventBus.RabbitMQ\EventBus.RabbitMQ.csproj", "{CE44FB77-CA2C-4742-9855-A1089AF657D8}"
EndProject
Project("{2150E333-8FDC-42A3-9474-1A3956D46DE8}") = "BlazorWebApp", "BlazorWebApp", "{70C5CB1C-8CA5-41AE-BF0C-40D80189D37E}"
EndProject
Project("{9A19103F-16F7-4668-BE54-9A1E7A4F7556}") = "WebApp", "src\Clients\BlazorWebApp\WebApp\WebApp.csproj", "{7411E898-9433-4C4D-A43A-1D16CCE00321}"
EndProject
Project("{2150E333-8FDC-42A3-9474-1A3956D46DE8}") = "BasketService", "BasketService", "{E975C55F-34BA-4F64-9EA8-819DBF8063D0}"
EndProject
Project("{9A19103F-16F7-4668-BE54-9A1E7A4F7556}") = "BasketService.Api", "src\Services\BasketService\BasketService.Api\BasketService.Api.csproj", "{95167975-0701-40AD-AFCB-DD79A1EAD5CC}"
EndProject
Project("{2150E333-8FDC-42A3-9474-1A3956D46DE8}") = "CatalogService", "CatalogService", "{3CB8D497-A76C-449D-BCD7-5CAAB7EEA18D}"
EndProject
Project("{2150E333-8FDC-42A3-9474-1A3956D46DE8}") = "IdentityService", "IdentityService", "{E3BDFD1E-5460-4F93-AD8C-65AFF006AF47}"
EndProject
Project("{2150E333-8FDC-42A3-9474-1A3956D46DE8}") = "NotificationService", "NotificationService", "{097CD4AB-5795-4BDE-807B-27E603048A2E}"
EndProject
Project("{9A19103F-16F7-4668-BE54-9A1E7A4F7556}") = "NotificationService", "src\Services\NotificationService\NotificationService\NotificationService.csproj", "{42075FC8-103C-40F0-A1FA-5FAAE216090F}"
EndProject
Project("{2150E333-8FDC-42A3-9474-1A3956D46DE8}") = "OrderService", "OrderService", "{EC220286-AB92-497A-9F97-7B57A4146B86}"
EndProject
Project("{9A19103F-16F7-4668-BE54-9A1E7A4F7556}") = "OrderService.Domain", "src\Services\OrderService\OrderService.Domain\OrderService.Domain.csproj", "{565B457F-8901-46E8-913C-8F43E0186A53}"
EndProject
Project("{9A19103F-16F7-4668-BE54-9A1E7A4F7556}") = "OrderService.Application", "src\Services\OrderService\OrderService.Application\OrderService.Application.csproj", "{B7ACEFEF-CA13-4317-B3D0-C51DA2DD8586}"
EndProject
Project("{9A19103F-16F7-4668-BE54-9A1E7A4F7556}") = "OrderService.Infrastructure", "src\Services\OrderService\OrderService.Infrastructure\OrderService.Infrastructure.csproj", "{1932BD60-E9B6-41C7-9DC5-DD2AAF1F7CE2}"
EndProject
Project("{9A19103F-16F7-4668-BE54-9A1E7A4F7556}") = "OrderService.Api", "src\Services\OrderService\OrderService.Api\OrderService.Api.csproj", "{826011AA-899B-48A6-9ACA-329C58D723EB}"
EndProject
Project("{9A19103F-16F7-4668-BE54-9A1E7A4F7556}") = "CatalogService.Api", "src\Services\CatalogService\CatalogService.Api\CatalogService.Api.csproj", "{AF945707-1C5B-43F4-93E6-FD194324F18E}"
EndProject
Project("{9A19103F-16F7-4668-BE54-9A1E7A4F7556}") = "IdentityService.Api", "src\Services\IdentityService\IdentityService.Api\IdentityService.Api.csproj", "{1CBE528B-52E9-4104-B387-A6ED67B5B44E}"
EndProject
Project("{2150E333-8FDC-42A3-9474-1A3956D46DE8}") = "PaymentService", "PaymentService", "{54334F1E-A3FB-4C38-8ECA-DBE5B8FC28B0}"
EndProject
Project("{9A19103F-16F7-4668-BE54-9A1E7A4F7556}") = "PaymentService.Api", "src\Services\PaymentService\PaymentService.Api\PaymentService.Api.csproj", "{A9BAAC44-9F4C-4A37-B2B9-84A824A8E2A3}"
EndProject
Project("{2150E333-8FDC-42A3-9474-1A3956D46DE8}") = "tests", "tests", "{663E1EBA-6A54-44D4-93CC-EB91EE91DC6C}"
EndProject
Project("{2150E333-8FDC-42A3-9474-1A3956D46DE8}") = "BuildingBlocks", "BuildingBlocks", "{C47C5F92-5083-4568-8E89-8AD1D393EC27}"
EndProject
Project("{FAE04EC0-301F-11D3-BF4B-00C04F79EFBC}") = "EventBus.UnitTest", "tests\BuildingBlocks\EventBus.UnitTest\EventBus.UnitTest.csproj", "{2744F41E-039F-4A0E-820D-708AD29EBED2}"
EndProject
Global
	GlobalSection(SolutionConfigurationPlatforms) = preSolution
		Debug|Any CPU = Debug|Any CPU
		Release|Any CPU = Release|Any CPU
	EndGlobalSection
	GlobalSection(ProjectConfigurationPlatforms) = postSolution
		{E1DD4F0A-31C6-4778-B2E3-868A768A5E65}.Debug|Any CPU.ActiveCfg = Debug|Any CPU
		{E1DD4F0A-31C6-4778-B2E3-868A768A5E65}.Debug|Any CPU.Build.0 = Debug|Any CPU
		{E1DD4F0A-31C6-4778-B2E3-868A768A5E65}.Release|Any CPU.ActiveCfg = Release|Any CPU
		{E1DD4F0A-31C6-4778-B2E3-868A768A5E65}.Release|Any CPU.Build.0 = Release|Any CPU
		{3932353F-3B65-470B-931C-AE46FEF8B192}.Debug|Any CPU.ActiveCfg = Debug|Any CPU
		{3932353F-3B65-470B-931C-AE46FEF8B192}.Debug|Any CPU.Build.0 = Debug|Any CPU
		{3932353F-3B65-470B-931C-AE46FEF8B192}.Release|Any CPU.ActiveCfg = Release|Any CPU
		{3932353F-3B65-470B-931C-AE46FEF8B192}.Release|Any CPU.Build.0 = Release|Any CPU
		{12EDEBFD-68D0-4B29-B72A-9DC1522C5572}.Debug|Any CPU.ActiveCfg = Debug|Any CPU
		{12EDEBFD-68D0-4B29-B72A-9DC1522C5572}.Debug|Any CPU.Build.0 = Debug|Any CPU
		{12EDEBFD-68D0-4B29-B72A-9DC1522C5572}.Release|Any CPU.ActiveCfg = Release|Any CPU
		{12EDEBFD-68D0-4B29-B72A-9DC1522C5572}.Release|Any CPU.Build.0 = Release|Any CPU
		{7C23A669-2F27-4F9A-8A25-DF4FB6A06505}.Debug|Any CPU.ActiveCfg = Debug|Any CPU
		{7C23A669-2F27-4F9A-8A25-DF4FB6A06505}.Debug|Any CPU.Build.0 = Debug|Any CPU
		{7C23A669-2F27-4F9A-8A25-DF4FB6A06505}.Release|Any CPU.ActiveCfg = Release|Any CPU
		{7C23A669-2F27-4F9A-8A25-DF4FB6A06505}.Release|Any CPU.Build.0 = Release|Any CPU
		{CE44FB77-CA2C-4742-9855-A1089AF657D8}.Debug|Any CPU.ActiveCfg = Debug|Any CPU
		{CE44FB77-CA2C-4742-9855-A1089AF657D8}.Debug|Any CPU.Build.0 = Debug|Any CPU
		{CE44FB77-CA2C-4742-9855-A1089AF657D8}.Release|Any CPU.ActiveCfg = Release|Any CPU
		{CE44FB77-CA2C-4742-9855-A1089AF657D8}.Release|Any CPU.Build.0 = Release|Any CPU
		{7411E898-9433-4C4D-A43A-1D16CCE00321}.Debug|Any CPU.ActiveCfg = Debug|Any CPU
		{7411E898-9433-4C4D-A43A-1D16CCE00321}.Debug|Any CPU.Build.0 = Debug|Any CPU
		{7411E898-9433-4C4D-A43A-1D16CCE00321}.Release|Any CPU.ActiveCfg = Release|Any CPU
		{7411E898-9433-4C4D-A43A-1D16CCE00321}.Release|Any CPU.Build.0 = Release|Any CPU
		{95167975-0701-40AD-AFCB-DD79A1EAD5CC}.Debug|Any CPU.ActiveCfg = Debug|Any CPU
		{95167975-0701-40AD-AFCB-DD79A1EAD5CC}.Debug|Any CPU.Build.0 = Debug|Any CPU
		{95167975-0701-40AD-AFCB-DD79A1EAD5CC}.Release|Any CPU.ActiveCfg = Release|Any CPU
		{95167975-0701-40AD-AFCB-DD79A1EAD5CC}.Release|Any CPU.Build.0 = Release|Any CPU
		{42075FC8-103C-40F0-A1FA-5FAAE216090F}.Debug|Any CPU.ActiveCfg = Debug|Any CPU
		{42075FC8-103C-40F0-A1FA-5FAAE216090F}.Debug|Any CPU.Build.0 = Debug|Any CPU
		{42075FC8-103C-40F0-A1FA-5FAAE216090F}.Release|Any CPU.ActiveCfg = Release|Any CPU
		{42075FC8-103C-40F0-A1FA-5FAAE216090F}.Release|Any CPU.Build.0 = Release|Any CPU
		{565B457F-8901-46E8-913C-8F43E0186A53}.Debug|Any CPU.ActiveCfg = Debug|Any CPU
		{565B457F-8901-46E8-913C-8F43E0186A53}.Debug|Any CPU.Build.0 = Debug|Any CPU
		{565B457F-8901-46E8-913C-8F43E0186A53}.Release|Any CPU.ActiveCfg = Release|Any CPU
		{565B457F-8901-46E8-913C-8F43E0186A53}.Release|Any CPU.Build.0 = Release|Any CPU
		{B7ACEFEF-CA13-4317-B3D0-C51DA2DD8586}.Debug|Any CPU.ActiveCfg = Debug|Any CPU
		{B7ACEFEF-CA13-4317-B3D0-C51DA2DD8586}.Debug|Any CPU.Build.0 = Debug|Any CPU
		{B7ACEFEF-CA13-4317-B3D0-C51DA2DD8586}.Release|Any CPU.ActiveCfg = Release|Any CPU
		{B7ACEFEF-CA13-4317-B3D0-C51DA2DD8586}.Release|Any CPU.Build.0 = Release|Any CPU
		{1932BD60-E9B6-41C7-9DC5-DD2AAF1F7CE2}.Debug|Any CPU.ActiveCfg = Debug|Any CPU
		{1932BD60-E9B6-41C7-9DC5-DD2AAF1F7CE2}.Debug|Any CPU.Build.0 = Debug|Any CPU
		{1932BD60-E9B6-41C7-9DC5-DD2AAF1F7CE2}.Release|Any CPU.ActiveCfg = Release|Any CPU
		{1932BD60-E9B6-41C7-9DC5-DD2AAF1F7CE2}.Release|Any CPU.Build.0 = Release|Any CPU
		{826011AA-899B-48A6-9ACA-329C58D723EB}.Debug|Any CPU.ActiveCfg = Debug|Any CPU
		{826011AA-899B-48A6-9ACA-329C58D723EB}.Debug|Any CPU.Build.0 = Debug|Any CPU
		{826011AA-899B-48A6-9ACA-329C58D723EB}.Release|Any CPU.ActiveCfg = Release|Any CPU
		{826011AA-899B-48A6-9ACA-329C58D723EB}.Release|Any CPU.Build.0 = Release|Any CPU
		{AF945707-1C5B-43F4-93E6-FD194324F18E}.Debug|Any CPU.ActiveCfg = Debug|Any CPU
		{AF945707-1C5B-43F4-93E6-FD194324F18E}.Debug|Any CPU.Build.0 = Debug|Any CPU
		{AF945707-1C5B-43F4-93E6-FD194324F18E}.Release|Any CPU.ActiveCfg = Release|Any CPU
		{AF945707-1C5B-43F4-93E6-FD194324F18E}.Release|Any CPU.Build.0 = Release|Any CPU
		{1CBE528B-52E9-4104-B387-A6ED67B5B44E}.Debug|Any CPU.ActiveCfg = Debug|Any CPU
		{1CBE528B-52E9-4104-B387-A6ED67B5B44E}.Debug|Any CPU.Build.0 = Debug|Any CPU
		{1CBE528B-52E9-4104-B387-A6ED67B5B44E}.Release|Any CPU.ActiveCfg = Release|Any CPU
		{1CBE528B-52E9-4104-B387-A6ED67B5B44E}.Release|Any CPU.Build.0 = Release|Any CPU
		{A9BAAC44-9F4C-4A37-B2B9-84A824A8E2A3}.Debug|Any CPU.ActiveCfg = Debug|Any CPU
		{A9BAAC44-9F4C-4A37-B2B9-84A824A8E2A3}.Debug|Any CPU.Build.0 = Debug|Any CPU
		{A9BAAC44-9F4C-4A37-B2B9-84A824A8E2A3}.Release|Any CPU.ActiveCfg = Release|Any CPU
		{A9BAAC44-9F4C-4A37-B2B9-84A824A8E2A3}.Release|Any CPU.Build.0 = Release|Any CPU
		{2744F41E-039F-4A0E-820D-708AD29EBED2}.Debug|Any CPU.ActiveCfg = Debug|Any CPU
		{2744F41E-039F-4A0E-820D-708AD29EBED2}.Debug|Any CPU.Build.0 = Debug|Any CPU
		{2744F41E-039F-4A0E-820D-708AD29EBED2}.Release|Any CPU.ActiveCfg = Release|Any CPU
		{2744F41E-039F-4A0E-820D-708AD29EBED2}.Release|Any CPU.Build.0 = Release|Any CPU
	EndGlobalSection
	GlobalSection(SolutionProperties) = preSolution
		HideSolutionNode = FALSE
	EndGlobalSection
	GlobalSection(NestedProjects) = preSolution
		{12863154-004A-464C-AF0E-4A4E5611A7BF} = {49292C71-20E3-4A5A-A805-740E05F241A9}
		{AFC3ACDD-A1EB-45B6-8476-4C9D0F43B6F7} = {49292C71-20E3-4A5A-A805-740E05F241A9}
		{40C7BDEF-8C0C-4F44-BE22-7CCECB12D236} = {49292C71-20E3-4A5A-A805-740E05F241A9}
		{C7AA885C-067A-4328-866F-763653E28785} = {49292C71-20E3-4A5A-A805-740E05F241A9}
		{465C001D-1A0F-4D33-B4FC-92DED3A1E455} = {12863154-004A-464C-AF0E-4A4E5611A7BF}
		{E1DD4F0A-31C6-4778-B2E3-868A768A5E65} = {465C001D-1A0F-4D33-B4FC-92DED3A1E455}
		{6D50759B-144C-45F1-BDFD-437CB3D44745} = {AFC3ACDD-A1EB-45B6-8476-4C9D0F43B6F7}
		{3932353F-3B65-470B-931C-AE46FEF8B192} = {6D50759B-144C-45F1-BDFD-437CB3D44745}
		{12EDEBFD-68D0-4B29-B72A-9DC1522C5572} = {6D50759B-144C-45F1-BDFD-437CB3D44745}
		{7C23A669-2F27-4F9A-8A25-DF4FB6A06505} = {6D50759B-144C-45F1-BDFD-437CB3D44745}
		{CE44FB77-CA2C-4742-9855-A1089AF657D8} = {6D50759B-144C-45F1-BDFD-437CB3D44745}
		{70C5CB1C-8CA5-41AE-BF0C-40D80189D37E} = {C7AA885C-067A-4328-866F-763653E28785}
		{7411E898-9433-4C4D-A43A-1D16CCE00321} = {70C5CB1C-8CA5-41AE-BF0C-40D80189D37E}
		{E975C55F-34BA-4F64-9EA8-819DBF8063D0} = {40C7BDEF-8C0C-4F44-BE22-7CCECB12D236}
		{95167975-0701-40AD-AFCB-DD79A1EAD5CC} = {E975C55F-34BA-4F64-9EA8-819DBF8063D0}
		{3CB8D497-A76C-449D-BCD7-5CAAB7EEA18D} = {40C7BDEF-8C0C-4F44-BE22-7CCECB12D236}
		{E3BDFD1E-5460-4F93-AD8C-65AFF006AF47} = {40C7BDEF-8C0C-4F44-BE22-7CCECB12D236}
		{097CD4AB-5795-4BDE-807B-27E603048A2E} = {40C7BDEF-8C0C-4F44-BE22-7CCECB12D236}
		{42075FC8-103C-40F0-A1FA-5FAAE216090F} = {097CD4AB-5795-4BDE-807B-27E603048A2E}
		{EC220286-AB92-497A-9F97-7B57A4146B86} = {40C7BDEF-8C0C-4F44-BE22-7CCECB12D236}
		{565B457F-8901-46E8-913C-8F43E0186A53} = {EC220286-AB92-497A-9F97-7B57A4146B86}
		{B7ACEFEF-CA13-4317-B3D0-C51DA2DD8586} = {EC220286-AB92-497A-9F97-7B57A4146B86}
		{1932BD60-E9B6-41C7-9DC5-DD2AAF1F7CE2} = {EC220286-AB92-497A-9F97-7B57A4146B86}
		{826011AA-899B-48A6-9ACA-329C58D723EB} = {EC220286-AB92-497A-9F97-7B57A4146B86}
		{AF945707-1C5B-43F4-93E6-FD194324F18E} = {3CB8D497-A76C-449D-BCD7-5CAAB7EEA18D}
		{1CBE528B-52E9-4104-B387-A6ED67B5B44E} = {E3BDFD1E-5460-4F93-AD8C-65AFF006AF47}
		{54334F1E-A3FB-4C38-8ECA-DBE5B8FC28B0} = {40C7BDEF-8C0C-4F44-BE22-7CCECB12D236}
		{A9BAAC44-9F4C-4A37-B2B9-84A824A8E2A3} = {54334F1E-A3FB-4C38-8ECA-DBE5B8FC28B0}
		{C47C5F92-5083-4568-8E89-8AD1D393EC27} = {663E1EBA-6A54-44D4-93CC-EB91EE91DC6C}
		{2744F41E-039F-4A0E-820D-708AD29EBED2} = {C47C5F92-5083-4568-8E89-8AD1D393EC27}
	EndGlobalSection
	GlobalSection(ExtensibilityGlobals) = postSolution
		SolutionGuid = {86EEF211-8182-4A56-9BE8-441D4B793F28}
	EndGlobalSection
EndGlobal
